lockfileVersion: '6.0'

settings:
  autoInstallPeers: true
  excludeLinksFromLockfile: false

dependencies:
  '@types/node':
    specifier: ^22.10.2
    version: 22.10.2
  axios:
    specifier: ^1.7.9
    version: 1.7.9
  chalk:
    specifier: '4'
    version: 4.1.2
  commander:
    specifier: ^12.1.0
    version: 12.1.0
  fs-extra:
    specifier: ^11.2.0
    version: 11.2.0

packages:

  /@types/node@22.10.2:
    resolution: {integrity: sha1-pIVCbm0f2vx7DUx7JOLHgYLdq7k=, tarball: http://r.npm.sankuai.com/@types/node/download/@types/node-22.10.2.tgz}
    dependencies:
      undici-types: 6.20.0
    dev: false

  /ansi-styles@4.3.0:
    resolution: {integrity: sha1-7dgDYornHATIWuegkG7a00tkiTc=, tarball: http://r.npm.sankuai.com/ansi-styles/download/ansi-styles-4.3.0.tgz}
    engines: {node: '>=8'}
    dependencies:
      color-convert: 2.0.1
    dev: false

  /asynckit@0.4.0:
    resolution: {integrity: sha1-x57Zf380y48robyXkLzDZkdLS3k=, tarball: http://r.npm.sankuai.com/asynckit/download/asynckit-0.4.0.tgz}
    dev: false

  /axios@1.7.9:
    resolution: {integrity: sha1-19BxOAwTKiSszaGyz8FTW3nsZQo=, tarball: http://r.npm.sankuai.com/axios/download/axios-1.7.9.tgz}
    dependencies:
      follow-redirects: 1.15.9
      form-data: 4.0.1
      proxy-from-env: 1.1.0
    transitivePeerDependencies:
      - debug
    dev: false

  /chalk@4.1.2:
    resolution: {integrity: sha1-qsTit3NKdAhnrrFr8CqtVWoeegE=, tarball: http://r.npm.sankuai.com/chalk/download/chalk-4.1.2.tgz}
    engines: {node: '>=10'}
    dependencies:
      ansi-styles: 4.3.0
      supports-color: 7.2.0
    dev: false

  /color-convert@2.0.1:
    resolution: {integrity: sha1-ctOmjVmMm9s68q0ehPIdiWq9TeM=, tarball: http://r.npm.sankuai.com/color-convert/download/color-convert-2.0.1.tgz}
    engines: {node: '>=7.0.0'}
    dependencies:
      color-name: 1.1.4
    dev: false

  /color-name@1.1.4:
    resolution: {integrity: sha1-wqCah6y95pVD3m9j+jmVyCbFNqI=, tarball: http://r.npm.sankuai.com/color-name/download/color-name-1.1.4.tgz}
    dev: false

  /combined-stream@1.0.8:
    resolution: {integrity: sha1-w9RaizT9cwYxoRCoolIGgrMdWn8=, tarball: http://r.npm.sankuai.com/combined-stream/download/combined-stream-1.0.8.tgz}
    engines: {node: '>= 0.8'}
    dependencies:
      delayed-stream: 1.0.0
    dev: false

  /commander@12.1.0:
    resolution: {integrity: sha1-AUI7NvUBJZ/arE0OTWDJbJkVhdM=, tarball: http://r.npm.sankuai.com/commander/download/commander-12.1.0.tgz}
    engines: {node: '>=18'}
    dev: false

  /delayed-stream@1.0.0:
    resolution: {integrity: sha1-3zrhmayt+31ECqrgsp4icrJOxhk=, tarball: http://r.npm.sankuai.com/delayed-stream/download/delayed-stream-1.0.0.tgz}
    engines: {node: '>=0.4.0'}
    dev: false

  /follow-redirects@1.15.9:
    resolution: {integrity: sha1-pgT6EORDv5jKlCKNnuvMLoosjuE=, tarball: http://r.npm.sankuai.com/follow-redirects/download/follow-redirects-1.15.9.tgz}
    engines: {node: '>=4.0'}
    peerDependencies:
      debug: '*'
    peerDependenciesMeta:
      debug:
        optional: true
    dev: false

  /form-data@4.0.1:
    resolution: {integrity: sha1-uhB22qqlv9fpnBpssCqgpc/5DUg=, tarball: http://r.npm.sankuai.com/form-data/download/form-data-4.0.1.tgz}
    engines: {node: '>= 6'}
    dependencies:
      asynckit: 0.4.0
      combined-stream: 1.0.8
      mime-types: 2.1.35
    dev: false

  /fs-extra@11.2.0:
    resolution: {integrity: sha1-5w4X361kIyKH0BkpOZ4Op8hrDls=, tarball: http://r.npm.sankuai.com/fs-extra/download/fs-extra-11.2.0.tgz}
    engines: {node: '>=14.14'}
    dependencies:
      graceful-fs: 4.2.11
      jsonfile: 6.1.0
      universalify: 2.0.1
    dev: false

  /graceful-fs@4.2.11:
    resolution: {integrity: sha1-QYPk6L8Iu24Fu7L30uDI9xLKQOM=, tarball: http://r.npm.sankuai.com/graceful-fs/download/graceful-fs-4.2.11.tgz}
    dev: false

  /has-flag@4.0.0:
    resolution: {integrity: sha1-lEdx/ZyByBJlxNaUGGDaBrtZR5s=, tarball: http://r.npm.sankuai.com/has-flag/download/has-flag-4.0.0.tgz}
    engines: {node: '>=8'}
    dev: false

  /jsonfile@6.1.0:
    resolution: {integrity: sha1-vFWyY0eTxnnsZAMJTrE2mKbsCq4=, tarball: http://r.npm.sankuai.com/jsonfile/download/jsonfile-6.1.0.tgz}
    dependencies:
      universalify: 2.0.1
    optionalDependencies:
      graceful-fs: 4.2.11
    dev: false

  /mime-db@1.52.0:
    resolution: {integrity: sha1-u6vNwChZ9JhzAchW4zh85exDv3A=, tarball: http://r.npm.sankuai.com/mime-db/download/mime-db-1.52.0.tgz}
    engines: {node: '>= 0.6'}
    dev: false

  /mime-types@2.1.35:
    resolution: {integrity: sha1-OBqHG2KnNEUGYK497uRIE/cNlZo=, tarball: http://r.npm.sankuai.com/mime-types/download/mime-types-2.1.35.tgz}
    engines: {node: '>= 0.6'}
    dependencies:
      mime-db: 1.52.0
    dev: false

  /proxy-from-env@1.1.0:
    resolution: {integrity: sha1-4QLxbKNVQkhldV0sno6k8k1Yw+I=, tarball: http://r.npm.sankuai.com/proxy-from-env/download/proxy-from-env-1.1.0.tgz}
    dev: false

  /supports-color@7.2.0:
    resolution: {integrity: sha1-G33NyzK4E4gBs+R4umpRyqiWSNo=, tarball: http://r.npm.sankuai.com/supports-color/download/supports-color-7.2.0.tgz}
    engines: {node: '>=8'}
    dependencies:
      has-flag: 4.0.0
    dev: false

  /undici-types@6.20.0:
    resolution: {integrity: sha1-gXG/IsH1iNFVTVW/IEvGJK84hDM=, tarball: http://r.npm.sankuai.com/undici-types/download/undici-types-6.20.0.tgz}
    dev: false

  /universalify@2.0.1:
    resolution: {integrity: sha1-Fo78IYCWTmOG0GHglN9hr+I5sY0=, tarball: http://r.npm.sankuai.com/universalify/download/universalify-2.0.1.tgz}
    engines: {node: '>= 10.0.0'}
    dev: false
